{
  "nodes": {
    "home-manager": {
      "inputs": {
        "nixpkgs": [
          "nixpkgs"
        ]
      },
      "locked": {
        "lastModified": 1687871164,
        "narHash": "sha256-bBFlPthuYX322xOlpJvkjUBz0C+MOBjZdDOOJJ+G2jU=",
        "owner": "nix-community",
        "repo": "home-manager",
        "rev": "07c347bb50994691d7b0095f45ebd8838cf6bc38",
        "type": "github"
      },
      "original": {
        "owner": "nix-community",
        "ref": "release-23.05",
        "repo": "home-manager",
        "type": "github"
      }
    },
    "nixpkgs": {
      "locked": {
        "lastModified": 1689680872,
        "narHash": "sha256-brNix2+ihJSzCiKwLafbyejrHJZUP0Fy6z5+xMOC27M=",
        "owner": "nixos",
        "repo": "nixpkgs",
        "rev": "08700de174bc6235043cb4263b643b721d936bdb",
        "type": "github"
      },
      "original": {
        "owner": "nixos",
        "ref": "nixos-23.05",
        "repo": "nixpkgs",
        "type": "github"
      }
    },
    "nixpkgs-bleeding": {
      "locked": {
        "lastModified": 1689945909,
        "narHash": "sha256-167y1s9w4CV+CjetiTKZdhIeQS/OGCMfwK1DfWGPFRM=",
        "owner": "nixos",
        "repo": "nixpkgs",
        "rev": "1708e6ad6340829bda29739ffa16a33c124cffd1",
        "type": "github"
      },
      "original": {
        "owner": "nixos",
        "repo": "nixpkgs",
        "type": "github"
      }
    },
    "nixpkgs-davinci": {
      "locked": {
        "lastModified": 1689041627,
        "narHash": "sha256-s6ynlk52rbpZV0zwCi9PYejOjaQLd2QdUiUBtml1LIc=",
        "owner": "jshcmpbll",
        "repo": "nixpkgs",
        "rev": "391eaa6e7106c0e91e77073a1496b8548b68438b",
        "type": "github"
      },
      "original": {
        "owner": "jshcmpbll",
        "repo": "nixpkgs",
        "rev": "391eaa6e7106c0e91e77073a1496b8548b68438b",
        "type": "github"
      }
    },
    "root": {
      "inputs": {
        "home-manager": "home-manager",
        "nixpkgs": "nixpkgs",
        "nixpkgs-bleeding": "nixpkgs-bleeding",
        "nixpkgs-davinci": "nixpkgs-davinci"
      }
    }
  },
  "root": "root",
  "version": 7
}
