{
  "nodes": {
    "home-manager": {
      "inputs": {
        "nixpkgs": [
          "nixpkgs"
        ]
      },
      "locked": {
        "lastModified": 1690476848,
        "narHash": "sha256-PSmzyuEbMxEn2uwwLYUN2l1psoJXb7jm/kfHD12Sq0k=",
        "owner": "nix-community",
        "repo": "home-manager",
        "rev": "8d243f7da13d6ee32f722a3f1afeced150b6d4da",
        "type": "github"
      },
      "original": {
        "owner": "nix-community",
        "repo": "home-manager",
        "type": "github"
      }
    },
    "nixpkgs": {
      "locked": {
        "lastModified": 1690272529,
        "narHash": "sha256-MakzcKXEdv/I4qJUtq/k/eG+rVmyOZLnYNC2w1mB59Y=",
        "owner": "NixOS",
        "repo": "nixpkgs",
        "rev": "ef99fa5c5ed624460217c31ac4271cfb5cb2502c",
        "type": "github"
      },
      "original": {
        "id": "nixpkgs",
        "ref": "nixos-unstable",
        "type": "indirect"
      }
    },
    "nixpkgs-davinci": {
      "locked": {
        "lastModified": 1689041627,
        "narHash": "sha256-s6ynlk52rbpZV0zwCi9PYejOjaQLd2QdUiUBtml1LIc=",
        "owner": "jshcmpbll",
        "repo": "nixpkgs",
        "rev": "391eaa6e7106c0e91e77073a1496b8548b68438b",
        "type": "github"
      },
      "original": {
        "owner": "jshcmpbll",
        "repo": "nixpkgs",
        "rev": "391eaa6e7106c0e91e77073a1496b8548b68438b",
        "type": "github"
      }
    },
    "nur": {
      "locked": {
        "lastModified": 1690531329,
        "narHash": "sha256-8/w+RXO6YlGZWRWCT9XjbFJH8IoHIsYB4XzQs63IwFY=",
        "owner": "nix-community",
        "repo": "NUR",
        "rev": "4b571e4114deb396b4e72c33ab816ef724993f6f",
        "type": "github"
      },
      "original": {
        "owner": "nix-community",
        "repo": "NUR",
        "type": "github"
      }
    },
    "root": {
      "inputs": {
        "home-manager": "home-manager",
        "nixpkgs": "nixpkgs",
        "nixpkgs-davinci": "nixpkgs-davinci",
        "nur": "nur"
      }
    }
  },
  "root": "root",
  "version": 7
}
