{
  "nodes": {
    "home-manager": {
      "inputs": {
        "nixpkgs": [
          "nixpkgs"
        ]
      },
      "locked": {
        "lastModified": 1687871164,
        "narHash": "sha256-bBFlPthuYX322xOlpJvkjUBz0C+MOBjZdDOOJJ+G2jU=",
        "owner": "nix-community",
        "repo": "home-manager",
        "rev": "07c347bb50994691d7b0095f45ebd8838cf6bc38",
        "type": "github"
      },
      "original": {
        "owner": "nix-community",
        "ref": "release-23.05",
        "repo": "home-manager",
        "type": "github"
      }
    },
    "mcversions": {
      "flake": false,
      "locked": {
        "lastModified": 1648176147,
        "narHash": "sha256-9xqPSKlSDZZx3z683ZoMhR6jyRd1eS6L+mIdjnqu6Cw=",
        "owner": "yushijinhun",
        "repo": "minecraft-version-json-history",
        "rev": "a8487697562bf897d0688f4edb9f9fc4b2b4bbfb",
        "type": "github"
      },
      "original": {
        "owner": "yushijinhun",
        "repo": "minecraft-version-json-history",
        "type": "github"
      }
    },
    "nix-minecraft": {
      "inputs": {
        "mcversions": "mcversions",
        "nixpkgs": "nixpkgs"
      },
      "locked": {
        "lastModified": 1655551827,
        "narHash": "sha256-sUdTici3FjWTMvfKtW+h9R6LFvdWrlWub/SI5pAdkAI=",
        "owner": "12Boti",
        "repo": "nix-minecraft",
        "rev": "a2c657b54d86bc1c912ce99597253cfdb4042010",
        "type": "github"
      },
      "original": {
        "owner": "12Boti",
        "repo": "nix-minecraft",
        "type": "github"
      }
    },
    "nixpkgs": {
      "locked": {
        "lastModified": 1648097358,
        "narHash": "sha256-GMoTKP/po2Nbkh1tvPvP8Ww6NyFW8FFst1Z3nfzffZc=",
        "owner": "NixOS",
        "repo": "nixpkgs",
        "rev": "4d60081494259c0785f7e228518fee74e0792c1b",
        "type": "github"
      },
      "original": {
        "id": "nixpkgs",
        "type": "indirect"
      }
    },
    "nixpkgs-davinci": {
      "locked": {
        "lastModified": 1689041627,
        "narHash": "sha256-s6ynlk52rbpZV0zwCi9PYejOjaQLd2QdUiUBtml1LIc=",
        "owner": "jshcmpbll",
        "repo": "nixpkgs",
        "rev": "391eaa6e7106c0e91e77073a1496b8548b68438b",
        "type": "github"
      },
      "original": {
        "owner": "jshcmpbll",
        "repo": "nixpkgs",
        "rev": "391eaa6e7106c0e91e77073a1496b8548b68438b",
        "type": "github"
      }
    },
    "nixpkgs-unstable": {
      "locked": {
        "lastModified": 1689850295,
        "narHash": "sha256-fUYf6WdQlhd2H+3aR8jST5dhFH1d0eE22aes8fNIfyk=",
        "owner": "NixOS",
        "repo": "nixpkgs",
        "rev": "5df4d78d54f7a34e9ea1f84a22b4fd9baebc68d0",
        "type": "github"
      },
      "original": {
        "id": "nixpkgs",
        "ref": "nixos-unstable",
        "type": "indirect"
      }
    },
    "nixpkgs_2": {
      "locked": {
        "lastModified": 1689680872,
        "narHash": "sha256-brNix2+ihJSzCiKwLafbyejrHJZUP0Fy6z5+xMOC27M=",
        "owner": "nixos",
        "repo": "nixpkgs",
        "rev": "08700de174bc6235043cb4263b643b721d936bdb",
        "type": "github"
      },
      "original": {
        "owner": "nixos",
        "ref": "nixos-23.05",
        "repo": "nixpkgs",
        "type": "github"
      }
    },
    "root": {
      "inputs": {
        "home-manager": "home-manager",
        "nix-minecraft": "nix-minecraft",
        "nixpkgs": "nixpkgs_2",
        "nixpkgs-davinci": "nixpkgs-davinci",
        "nixpkgs-unstable": "nixpkgs-unstable"
      }
    }
  },
  "root": "root",
  "version": 7
}
