{
  "nodes": {
    "nixpkgs": {
      "locked": {
        "lastModified": 1689680872,
        "narHash": "sha256-brNix2+ihJSzCiKwLafbyejrHJZUP0Fy6z5+xMOC27M=",
        "owner": "NixOS",
        "repo": "nixpkgs",
        "rev": "08700de174bc6235043cb4263b643b721d936bdb",
        "type": "github"
      },
      "original": {
        "id": "nixpkgs",
        "ref": "nixos-23.05",
        "type": "indirect"
      }
    },
    "nixpkgs-docker": {
      "locked": {
        "lastModified": 1689902040,
        "narHash": "sha256-9dxh+O6ds9PPlazLAupZmCW+r2Mv0eQvfaNS5UIHA68=",
        "owner": "nixos",
        "repo": "nixpkgs",
        "rev": "95432a7b2e9b25f320c80bad0b2b65f0dc7d2c25",
        "type": "github"
      },
      "original": {
        "owner": "nixos",
        "repo": "nixpkgs",
        "rev": "95432a7b2e9b25f320c80bad0b2b65f0dc7d2c25",
        "type": "github"
      }
    },
    "root": {
      "inputs": {
        "nixpkgs": "nixpkgs",
        "nixpkgs-docker": "nixpkgs-docker"
      }
    }
  },
  "root": "root",
  "version": 7
}
